// !$*UTF8*$!
{
	archiveVersion = 1;
	classes = {
	};
	objectVersion = 77;
	objects = {

/* Begin PBXBuildFile section */
		6425F7632DA9F4D600205BAA /* Dependencies in Frameworks */ = {isa = PBXBuildFile; productRef = 6425F7622DA9F4D600205BAA /* Dependencies */; };
		6425F7652DA9F4D600205BAA /* DependenciesMacros in Frameworks */ = {isa = PBXBuildFile; productRef = 6425F7642DA9F4D600205BAA /* DependenciesMacros */; };
/* End PBXBuildFile section */

/* Begin PBXContainerItemProxy section */
		6425F7372DA9E33D00205BAA /* PBXContainerItemProxy */ = {
			isa = PBXContainerItemProxy;
			containerPortal = 6425F71E2DA9E33B00205BAA /* Project object */;
			proxyType = 1;
			remoteGlobalIDString = 6425F7252DA9E33B00205BAA;
			remoteInfo = "Crypto-IOS";
		};
		6425F7412DA9E33D00205BAA /* PBXContainerItemProxy */ = {
			isa = PBXContainerItemProxy;
			containerPortal = 6425F71E2DA9E33B00205BAA /* Project object */;
			proxyType = 1;
			remoteGlobalIDString = 6425F7252DA9E33B00205BAA;
			remoteInfo = "Crypto-IOS";
		};
/* End PBXContainerItemProxy section */

/* Begin PBXFileReference section */
		6425F7262DA9E33B00205BAA /* Crypto-IOS.app */ = {isa = PBXFileReference; explicitFileType = wrapper.application; includeInIndex = 0; path = "Crypto-IOS.app"; sourceTree = BUILT_PRODUCTS_DIR; };
		6425F7362DA9E33D00205BAA /* Crypto-IOSTests.xctest */ = {isa = PBXFileReference; explicitFileType = wrapper.cfbundle; includeInIndex = 0; path = "Crypto-IOSTests.xctest"; sourceTree = BUILT_PRODUCTS_DIR; };
		6425F7402DA9E33D00205BAA /* Crypto-IOSUITests.xctest */ = {isa = PBXFileReference; explicitFileType = wrapper.cfbundle; includeInIndex = 0; path = "Crypto-IOSUITests.xctest"; sourceTree = BUILT_PRODUCTS_DIR; };
/* End PBXFileReference section */

/* Begin PBXFileSystemSynchronizedRootGroup section */
		6425F7282DA9E33B00205BAA /* Crypto-IOS */ = {
			isa = PBXFileSystemSynchronizedRootGroup;
			path = "Crypto-IOS";
			sourceTree = "<group>";
		};
		6425F7392DA9E33D00205BAA /* Crypto-IOSTests */ = {
			isa = PBXFileSystemSynchronizedRootGroup;
			path = "Crypto-IOSTests";
			sourceTree = "<group>";
		};
		6425F7432DA9E33D00205BAA /* Crypto-IOSUITests */ = {
			isa = PBXFileSystemSynchronizedRootGroup;
			path = "Crypto-IOSUITests";
			sourceTree = "<group>";
		};
/* End PBXFileSystemSynchronizedRootGroup section */

/* Begin PBXFrameworksBuildPhase section */
		6425F7232DA9E33B00205BAA /* Frameworks */ = {
			isa = PBXFrameworksBuildPhase;
			buildActionMask = 2147483647;
			files = (
				6425F7652DA9F4D600205BAA /* DependenciesMacros in Frameworks */,
				6425F7632DA9F4D600205BAA /* Dependencies in Frameworks */,
			);
			runOnlyForDeploymentPostprocessing = 0;
		};
		6425F7332DA9E33D00205BAA /* Frameworks */ = {
			isa = PBXFrameworksBuildPhase;
			buildActionMask = 2147483647;
			files = (
			);
			runOnlyForDeploymentPostprocessing = 0;
		};
		6425F73D2DA9E33D00205BAA /* Frameworks */ = {
			isa = PBXFrameworksBuildPhase;
			buildActionMask = 2147483647;
			files = (
			);
			runOnlyForDeploymentPostprocessing = 0;
		};
/* End PBXFrameworksBuildPhase section */

/* Begin PBXGroup section */
		6425F71D2DA9E33B00205BAA = {
			isa = PBXGroup;
			children = (
				6425F7282DA9E33B00205BAA /* Crypto-IOS */,
				6425F7392DA9E33D00205BAA /* Crypto-IOSTests */,
				6425F7432DA9E33D00205BAA /* Crypto-IOSUITests */,
				6425F7272DA9E33B00205BAA /* Products */,
			);
			sourceTree = "<group>";
		};
		6425F7272DA9E33B00205BAA /* Products */ = {
			isa = PBXGroup;
			children = (
				6425F7262DA9E33B00205BAA /* Crypto-IOS.app */,
				6425F7362DA9E33D00205BAA /* Crypto-IOSTests.xctest */,
				6425F7402DA9E33D00205BAA /* Crypto-IOSUITests.xctest */,
			);
			name = Products;
			sourceTree = "<group>";
		};
/* End PBXGroup section */

/* Begin PBXNativeTarget section */
		6425F7252DA9E33B00205BAA /* Crypto-IOS */ = {
			isa = PBXNativeTarget;
			buildConfigurationList = 6425F74A2DA9E33D00205BAA /* Build configuration list for PBXNativeTarget "Crypto-IOS" */;
			buildPhases = (
				6425F7222DA9E33B00205BAA /* Sources */,
				6425F7232DA9E33B00205BAA /* Frameworks */,
				6425F7242DA9E33B00205BAA /* Resources */,
			);
			buildRules = (
			);
			dependencies = (
			);
			fileSystemSynchronizedGroups = (
				6425F7282DA9E33B00205BAA /* Crypto-IOS */,
			);
			name = "Crypto-IOS";
			packageProductDependencies = (
				6425F7622DA9F4D600205BAA /* Dependencies */,
				6425F7642DA9F4D600205BAA /* DependenciesMacros */,
			);
			productName = "Crypto-IOS";
			productReference = 6425F7262DA9E33B00205BAA /* Crypto-IOS.app */;
			productType = "com.apple.product-type.application";
		};
		6425F7352DA9E33D00205BAA /* Crypto-IOSTests */ = {
			isa = PBXNativeTarget;
			buildConfigurationList = 6425F74D2DA9E33D00205BAA /* Build configuration list for PBXNativeTarget "Crypto-IOSTests" */;
			buildPhases = (
				6425F7322DA9E33D00205BAA /* Sources */,
				6425F7332DA9E33D00205BAA /* Frameworks */,
				6425F7342DA9E33D00205BAA /* Resources */,
			);
			buildRules = (
			);
			dependencies = (
				6425F7382DA9E33D00205BAA /* PBXTargetDependency */,
			);
			fileSystemSynchronizedGroups = (
				6425F7392DA9E33D00205BAA /* Crypto-IOSTests */,
			);
			name = "Crypto-IOSTests";
			packageProductDependencies = (
			);
			productName = "Crypto-IOSTests";
			productReference = 6425F7362DA9E33D00205BAA /* Crypto-IOSTests.xctest */;
			productType = "com.apple.product-type.bundle.unit-test";
		};
		6425F73F2DA9E33D00205BAA /* Crypto-IOSUITests */ = {
			isa = PBXNativeTarget;
			buildConfigurationList = 6425F7502DA9E33D00205BAA /* Build configuration list for PBXNativeTarget "Crypto-IOSUITests" */;
			buildPhases = (
				6425F73C2DA9E33D00205BAA /* Sources */,
				6425F73D2DA9E33D00205BAA /* Frameworks */,
				6425F73E2DA9E33D00205BAA /* Resources */,
			);
			buildRules = (
			);
			dependencies = (
				6425F7422DA9E33D00205BAA /* PBXTargetDependency */,
			);
			fileSystemSynchronizedGroups = (
				6425F7432DA9E33D00205BAA /* Crypto-IOSUITests */,
			);
			name = "Crypto-IOSUITests";
			packageProductDependencies = (
			);
			productName = "Crypto-IOSUITests";
			productReference = 6425F7402DA9E33D00205BAA /* Crypto-IOSUITests.xctest */;
			productType = "com.apple.product-type.bundle.ui-testing";
		};
/* End PBXNativeTarget section */

/* Begin PBXProject section */
		6425F71E2DA9E33B00205BAA /* Project object */ = {
			isa = PBXProject;
			attributes = {
				BuildIndependentTargetsInParallel = 1;
				LastSwiftUpdateCheck = 1620;
				LastUpgradeCheck = 1620;
				TargetAttributes = {
					6425F7252DA9E33B00205BAA = {
						CreatedOnToolsVersion = 16.2;
					};
					6425F7352DA9E33D00205BAA = {
						CreatedOnToolsVersion = 16.2;
						TestTargetID = 6425F7252DA9E33B00205BAA;
					};
					6425F73F2DA9E33D00205BAA = {
						CreatedOnToolsVersion = 16.2;
						TestTargetID = 6425F7252DA9E33B00205BAA;
					};
				};
			};
			buildConfigurationList = 6425F7212DA9E33B00205BAA /* Build configuration list for PBXProject "Crypto-IOS" */;
			developmentRegion = en;
			hasScannedForEncodings = 0;
			knownRegions = (
				en,
				Base,
			);
			mainGroup = 6425F71D2DA9E33B00205BAA;
			minimizedProjectReferenceProxies = 1;
			packageReferences = (
				6425F7612DA9F4D600205BAA /* XCRemoteSwiftPackageReference "swift-dependencies" */,
			);
			preferredProjectObjectVersion = 77;
			productRefGroup = 6425F7272DA9E33B00205BAA /* Products */;
			projectDirPath = "";
			projectRoot = "";
			targets = (
				6425F7252DA9E33B00205BAA /* Crypto-IOS */,
				6425F7352DA9E33D00205BAA /* Crypto-IOSTests */,
				6425F73F2DA9E33D00205BAA /* Crypto-IOSUITests */,
			);
		};
/* End PBXProject section */

/* Begin PBXResourcesBuildPhase section */
		6425F7242DA9E33B00205BAA /* Resources */ = {
			isa = PBXResourcesBuildPhase;
			buildActionMask = 2147483647;
			files = (
			);
			runOnlyForDeploymentPostprocessing = 0;
		};
		6425F7342DA9E33D00205BAA /* Resources */ = {
			isa = PBXResourcesBuildPhase;
			buildActionMask = 2147483647;
			files = (
			);
			runOnlyForDeploymentPostprocessing = 0;
		};
		6425F73E2DA9E33D00205BAA /* Resources */ = {
			isa = PBXResourcesBuildPhase;
			buildActionMask = 2147483647;
			files = (
			);
			runOnlyForDeploymentPostprocessing = 0;
		};
/* End PBXResourcesBuildPhase section */

/* Begin PBXSourcesBuildPhase section */
		6425F7222DA9E33B00205BAA /* Sources */ = {
			isa = PBXSourcesBuildPhase;
			buildActionMask = 2147483647;
			files = (
			);
			runOnlyForDeploymentPostprocessing = 0;
		};
		6425F7322DA9E33D00205BAA /* Sources */ = {
			isa = PBXSourcesBuildPhase;
			buildActionMask = 2147483647;
			files = (
			);
			runOnlyForDeploymentPostprocessing = 0;
		};
		6425F73C2DA9E33D00205BAA /* Sources */ = {
			isa = PBXSourcesBuildPhase;
			buildActionMask = 2147483647;
			files = (
			);
			runOnlyForDeploymentPostprocessing = 0;
		};
/* End PBXSourcesBuildPhase section */

/* Begin PBXTargetDependency section */
		6425F7382DA9E33D00205BAA /* PBXTargetDependency */ = {
			isa = PBXTargetDependency;
			target = 6425F7252DA9E33B00205BAA /* Crypto-IOS */;
			targetProxy = 6425F7372DA9E33D00205BAA /* PBXContainerItemProxy */;
		};
		6425F7422DA9E33D00205BAA /* PBXTargetDependency */ = {
			isa = PBXTargetDependency;
			target = 6425F7252DA9E33B00205BAA /* Crypto-IOS */;
			targetProxy = 6425F7412DA9E33D00205BAA /* PBXContainerItemProxy */;
		};
/* End PBXTargetDependency section */

/* Begin XCBuildConfiguration section */
		6425F7482DA9E33D00205BAA /* Debug */ = {
			isa = XCBuildConfiguration;
			buildSettings = {
				ALWAYS_SEARCH_USER_PATHS = NO;
				ASSETCATALOG_COMPILER_GENERATE_SWIFT_ASSET_SYMBOL_EXTENSIONS = YES;
				CLANG_ANALYZER_NONNULL = YES;
				CLANG_ANALYZER_NUMBER_OBJECT_CONVERSION = YES_AGGRESSIVE;
				CLANG_CXX_LANGUAGE_STANDARD = "gnu++20";
				CLANG_ENABLE_MODULES = YES;
				CLANG_ENABLE_OBJC_ARC = YES;
				CLANG_ENABLE_OBJC_WEAK = YES;
				CLANG_WARN_BLOCK_CAPTURE_AUTORELEASING = YES;
				CLANG_WARN_BOOL_CONVERSION = YES;
				CLANG_WARN_COMMA = YES;
				CLANG_WARN_CONSTANT_CONVERSION = YES;
				CLANG_WARN_DEPRECATED_OBJC_IMPLEMENTATIONS = YES;
				CLANG_WARN_DIRECT_OBJC_ISA_USAGE = YES_ERROR;
				CLANG_WARN_DOCUMENTATION_COMMENTS = YES;
				CLANG_WARN_EMPTY_BODY = YES;
				CLANG_WARN_ENUM_CONVERSION = YES;
				CLANG_WARN_INFINITE_RECURSION = YES;
				CLANG_WARN_INT_CONVERSION = YES;
				CLANG_WARN_NON_LITERAL_NULL_CONVERSION = YES;
				CLANG_WARN_OBJC_IMPLICIT_RETAIN_SELF = YES;
				CLANG_WARN_OBJC_LITERAL_CONVERSION = YES;
				CLANG_WARN_OBJC_ROOT_CLASS = YES_ERROR;
				CLANG_WARN_QUOTED_INCLUDE_IN_FRAMEWORK_HEADER = YES;
				CLANG_WARN_RANGE_LOOP_ANALYSIS = YES;
				CLANG_WARN_STRICT_PROTOTYPES = YES;
				CLANG_WARN_SUSPICIOUS_MOVE = YES;
				CLANG_WARN_UNGUARDED_AVAILABILITY = YES_AGGRESSIVE;
				CLANG_WARN_UNREACHABLE_CODE = YES;
				CLANG_WARN__DUPLICATE_METHOD_MATCH = YES;
				COPY_PHASE_STRIP = NO;
				DEBUG_INFORMATION_FORMAT = dwarf;
				ENABLE_STRICT_OBJC_MSGSEND = YES;
				ENABLE_TESTABILITY = YES;
				ENABLE_USER_SCRIPT_SANDBOXING = YES;
				GCC_C_LANGUAGE_STANDARD = gnu17;
				GCC_DYNAMIC_NO_PIC = NO;
				GCC_NO_COMMON_BLOCKS = YES;
				GCC_OPTIMIZATION_LEVEL = 0;
				GCC_PREPROCESSOR_DEFINITIONS = (
					"DEBUG=1",
					"$(inherited)",
				);
				GCC_WARN_64_TO_32_BIT_CONVERSION = YES;
				GCC_WARN_ABOUT_RETURN_TYPE = YES_ERROR;
				GCC_WARN_UNDECLARED_SELECTOR = YES;
				GCC_WARN_UNINITIALIZED_AUTOS = YES_AGGRESSIVE;
				GCC_WARN_UNUSED_FUNCTION = YES;
				GCC_WARN_UNUSED_VARIABLE = YES;
				IPHONEOS_DEPLOYMENT_TARGET = 18.2;
				LOCALIZATION_PREFERS_STRING_CATALOGS = YES;
				MTL_ENABLE_DEBUG_INFO = INCLUDE_SOURCE;
				MTL_FAST_MATH = YES;
				ONLY_ACTIVE_ARCH = YES;
				SDKROOT = iphoneos;
				SWIFT_ACTIVE_COMPILATION_CONDITIONS = "DEBUG $(inherited)";
				SWIFT_OPTIMIZATION_LEVEL = "-Onone";
			};
			name = Debug;
		};
		6425F7492DA9E33D00205BAA /* Release */ = {
			isa = XCBuildConfiguration;
			buildSettings = {
				ALWAYS_SEARCH_USER_PATHS = NO;
				ASSETCATALOG_COMPILER_GENERATE_SWIFT_ASSET_SYMBOL_EXTENSIONS = YES;
				CLANG_ANALYZER_NONNULL = YES;
				CLANG_ANALYZER_NUMBER_OBJECT_CONVERSION = YES_AGGRESSIVE;
				CLANG_CXX_LANGUAGE_STANDARD = "gnu++20";
				CLANG_ENABLE_MODULES = YES;
				CLANG_ENABLE_OBJC_ARC = YES;
				CLANG_ENABLE_OBJC_WEAK = YES;
				CLANG_WARN_BLOCK_CAPTURE_AUTORELEASING = YES;
				CLANG_WARN_BOOL_CONVERSION = YES;
				CLANG_WARN_COMMA = YES;
				CLANG_WARN_CONSTANT_CONVERSION = YES;
				CLANG_WARN_DEPRECATED_OBJC_IMPLEMENTATIONS = YES;
				CLANG_WARN_DIRECT_OBJC_ISA_USAGE = YES_ERROR;
				CLANG_WARN_DOCUMENTATION_COMMENTS = YES;
				CLANG_WARN_EMPTY_BODY = YES;
				CLANG_WARN_ENUM_CONVERSION = YES;
				CLANG_WARN_INFINITE_RECURSION = YES;
				CLANG_WARN_INT_CONVERSION = YES;
				CLANG_WARN_NON_LITERAL_NULL_CONVERSION = YES;
				CLANG_WARN_OBJC_IMPLICIT_RETAIN_SELF = YES;
				CLANG_WARN_OBJC_LITERAL_CONVERSION = YES;
				CLANG_WARN_OBJC_ROOT_CLASS = YES_ERROR;
				CLANG_WARN_QUOTED_INCLUDE_IN_FRAMEWORK_HEADER = YES;
				CLANG_WARN_RANGE_LOOP_ANALYSIS = YES;
				CLANG_WARN_STRICT_PROTOTYPES = YES;
				CLANG_WARN_SUSPICIOUS_MOVE = YES;
				CLANG_WARN_UNGUARDED_AVAILABILITY = YES_AGGRESSIVE;
				CLANG_WARN_UNREACHABLE_CODE = YES;
				CLANG_WARN__DUPLICATE_METHOD_MATCH = YES;
				COPY_PHASE_STRIP = NO;
				DEBUG_INFORMATION_FORMAT = "dwarf-with-dsym";
				ENABLE_NS_ASSERTIONS = NO;
				ENABLE_STRICT_OBJC_MSGSEND = YES;
				ENABLE_USER_SCRIPT_SANDBOXING = YES;
				GCC_C_LANGUAGE_STANDARD = gnu17;
				GCC_NO_COMMON_BLOCKS = YES;
				GCC_WARN_64_TO_32_BIT_CONVERSION = YES;
				GCC_WARN_ABOUT_RETURN_TYPE = YES_ERROR;
				GCC_WARN_UNDECLARED_SELECTOR = YES;
				GCC_WARN_UNINITIALIZED_AUTOS = YES_AGGRESSIVE;
				GCC_WARN_UNUSED_FUNCTION = YES;
				GCC_WARN_UNUSED_VARIABLE = YES;
				IPHONEOS_DEPLOYMENT_TARGET = 18.2;
				LOCALIZATION_PREFERS_STRING_CATALOGS = YES;
				MTL_ENABLE_DEBUG_INFO = NO;
				MTL_FAST_MATH = YES;
				SDKROOT = iphoneos;
				SWIFT_COMPILATION_MODE = wholemodule;
				VALIDATE_PRODUCT = YES;
			};
			name = Release;
		};
		6425F74B2DA9E33D00205BAA /* Debug */ = {
			isa = XCBuildConfiguration;
			buildSettings = {
				ASSETCATALOG_COMPILER_APPICON_NAME = AppIcon;
				ASSETCATALOG_COMPILER_GLOBAL_ACCENT_COLOR_NAME = AccentColor;
				CODE_SIGN_STYLE = Automatic;
				CURRENT_PROJECT_VERSION = 1;
				DEVELOPMENT_ASSET_PATHS = "\"Crypto-IOS/Preview Content\"";
				ENABLE_PREVIEWS = YES;
				GENERATE_INFOPLIST_FILE = YES;
				INFOPLIST_KEY_UIApplicationSceneManifest_Generation = YES;
				INFOPLIST_KEY_UIApplicationSupportsIndirectInputEvents = YES;
				INFOPLIST_KEY_UILaunchScreen_Generation = YES;
				INFOPLIST_KEY_UISupportedInterfaceOrientations_iPad = "UIInterfaceOrientationPortrait UIInterfaceOrientationPortraitUpsideDown UIInterfaceOrientationLandscapeLeft UIInterfaceOrientationLandscapeRight";
				INFOPLIST_KEY_UISupportedInterfaceOrientations_iPhone = "UIInterfaceOrientationPortrait UIInterfaceOrientationLandscapeLeft UIInterfaceOrientationLandscapeRight";
				LD_RUNPATH_SEARCH_PATHS = (
					"$(inherited)",
					"@executable_path/Frameworks",
				);
				MARKETING_VERSION = 1.0;
				PRODUCT_BUNDLE_IDENTIFIER = "com.sbedoya.Crypto-IOS";
				PRODUCT_NAME = "$(TARGET_NAME)";
				SWIFT_EMIT_LOC_STRINGS = YES;
				SWIFT_VERSION = 5.0;
				TARGETED_DEVICE_FAMILY = "1,2";
			};
			name = Debug;
		};
		6425F74C2DA9E33D00205BAA /* Release */ = {
			isa = XCBuildConfiguration;
			buildSettings = {
				ASSETCATALOG_COMPILER_APPICON_NAME = AppIcon;
				ASSETCATALOG_COMPILER_GLOBAL_ACCENT_COLOR_NAME = AccentColor;
				CODE_SIGN_STYLE = Automatic;
				CURRENT_PROJECT_VERSION = 1;
				DEVELOPMENT_ASSET_PATHS = "\"Crypto-IOS/Preview Content\"";
				ENABLE_PREVIEWS = YES;
				GENERATE_INFOPLIST_FILE = YES;
				INFOPLIST_KEY_UIApplicationSceneManifest_Generation = YES;
				INFOPLIST_KEY_UIApplicationSupportsIndirectInputEvents = YES;
				INFOPLIST_KEY_UILaunchScreen_Generation = YES;
				INFOPLIST_KEY_UISupportedInterfaceOrientations_iPad = "UIInterfaceOrientationPortrait UIInterfaceOrientationPortraitUpsideDown UIInterfaceOrientationLandscapeLeft UIInterfaceOrientationLandscapeRight";
				INFOPLIST_KEY_UISupportedInterfaceOrientations_iPhone = "UIInterfaceOrientationPortrait UIInterfaceOrientationLandscapeLeft UIInterfaceOrientationLandscapeRight";
				LD_RUNPATH_SEARCH_PATHS = (
					"$(inherited)",
					"@executable_path/Frameworks",
				);
				MARKETING_VERSION = 1.0;
				PRODUCT_BUNDLE_IDENTIFIER = "com.sbedoya.Crypto-IOS";
				PRODUCT_NAME = "$(TARGET_NAME)";
				SWIFT_EMIT_LOC_STRINGS = YES;
				SWIFT_VERSION = 5.0;
				TARGETED_DEVICE_FAMILY = "1,2";
			};
			name = Release;
		};
		6425F74E2DA9E33D00205BAA /* Debug */ = {
			isa = XCBuildConfiguration;
			buildSettings = {
				BUNDLE_LOADER = "$(TEST_HOST)";
				CODE_SIGN_STYLE = Automatic;
				CURRENT_PROJECT_VERSION = 1;
				GENERATE_INFOPLIST_FILE = YES;
				IPHONEOS_DEPLOYMENT_TARGET = 18.2;
				MARKETING_VERSION = 1.0;
				PRODUCT_BUNDLE_IDENTIFIER = "com.sbedoya.Crypto-IOSTests";
				PRODUCT_NAME = "$(TARGET_NAME)";
				SWIFT_EMIT_LOC_STRINGS = NO;
				SWIFT_VERSION = 5.0;
				TARGETED_DEVICE_FAMILY = "1,2";
				TEST_HOST = "$(BUILT_PRODUCTS_DIR)/Crypto-IOS.app/$(BUNDLE_EXECUTABLE_FOLDER_PATH)/Crypto-IOS";
			};
			name = Debug;
		};
		6425F74F2DA9E33D00205BAA /* Release */ = {
			isa = XCBuildConfiguration;
			buildSettings = {
				BUNDLE_LOADER = "$(TEST_HOST)";
				CODE_SIGN_STYLE = Automatic;
				CURRENT_PROJECT_VERSION = 1;
				GENERATE_INFOPLIST_FILE = YES;
				IPHONEOS_DEPLOYMENT_TARGET = 18.2;
				MARKETING_VERSION = 1.0;
				PRODUCT_BUNDLE_IDENTIFIER = "com.sbedoya.Crypto-IOSTests";
				PRODUCT_NAME = "$(TARGET_NAME)";
				SWIFT_EMIT_LOC_STRINGS = NO;
				SWIFT_VERSION = 5.0;
				TARGETED_DEVICE_FAMILY = "1,2";
				TEST_HOST = "$(BUILT_PRODUCTS_DIR)/Crypto-IOS.app/$(BUNDLE_EXECUTABLE_FOLDER_PATH)/Crypto-IOS";
			};
			name = Release;
		};
		6425F7512DA9E33D00205BAA /* Debug */ = {
			isa = XCBuildConfiguration;
			buildSettings = {
				CODE_SIGN_STYLE = Automatic;
				CURRENT_PROJECT_VERSION = 1;
				GENERATE_INFOPLIST_FILE = YES;
				MARKETING_VERSION = 1.0;
				PRODUCT_BUNDLE_IDENTIFIER = "com.sbedoya.Crypto-IOSUITests";
				PRODUCT_NAME = "$(TARGET_NAME)";
				SWIFT_EMIT_LOC_STRINGS = NO;
				SWIFT_VERSION = 5.0;
				TARGETED_DEVICE_FAMILY = "1,2";
				TEST_TARGET_NAME = "Crypto-IOS";
			};
			name = Debug;
		};
		6425F7522DA9E33D00205BAA /* Release */ = {
			isa = XCBuildConfiguration;
			buildSettings = {
				CODE_SIGN_STYLE = Automatic;
				CURRENT_PROJECT_VERSION = 1;
				GENERATE_INFOPLIST_FILE = YES;
				MARKETING_VERSION = 1.0;
				PRODUCT_BUNDLE_IDENTIFIER = "com.sbedoya.Crypto-IOSUITests";
				PRODUCT_NAME = "$(TARGET_NAME)";
				SWIFT_EMIT_LOC_STRINGS = NO;
				SWIFT_VERSION = 5.0;
				TARGETED_DEVICE_FAMILY = "1,2";
				TEST_TARGET_NAME = "Crypto-IOS";
			};
			name = Release;
		};
/* End XCBuildConfiguration section */

/* Begin XCConfigurationList section */
		6425F7212DA9E33B00205BAA /* Build configuration list for PBXProject "Crypto-IOS" */ = {
			isa = XCConfigurationList;
			buildConfigurations = (
				6425F7482DA9E33D00205BAA /* Debug */,
				6425F7492DA9E33D00205BAA /* Release */,
			);
			defaultConfigurationIsVisible = 0;
			defaultConfigurationName = Release;
		};
		6425F74A2DA9E33D00205BAA /* Build configuration list for PBXNativeTarget "Crypto-IOS" */ = {
			isa = XCConfigurationList;
			buildConfigurations = (
				6425F74B2DA9E33D00205BAA /* Debug */,
				6425F74C2DA9E33D00205BAA /* Release */,
			);
			defaultConfigurationIsVisible = 0;
			defaultConfigurationName = Release;
		};
		6425F74D2DA9E33D00205BAA /* Build configuration list for PBXNativeTarget "Crypto-IOSTests" */ = {
			isa = XCConfigurationList;
			buildConfigurations = (
				6425F74E2DA9E33D00205BAA /* Debug */,
				6425F74F2DA9E33D00205BAA /* Release */,
			);
			defaultConfigurationIsVisible = 0;
			defaultConfigurationName = Release;
		};
		6425F7502DA9E33D00205BAA /* Build configuration list for PBXNativeTarget "Crypto-IOSUITests" */ = {
			isa = XCConfigurationList;
			buildConfigurations = (
				6425F7512DA9E33D00205BAA /* Debug */,
				6425F7522DA9E33D00205BAA /* Release */,
			);
			defaultConfigurationIsVisible = 0;
			defaultConfigurationName = Release;
		};
/* End XCConfigurationList section */

/* Begin XCRemoteSwiftPackageReference section */
		6425F7612DA9F4D600205BAA /* XCRemoteSwiftPackageReference "swift-dependencies" */ = {
			isa = XCRemoteSwiftPackageReference;
			repositoryURL = "https://github.com/pointfreeco/swift-dependencies.git";
			requirement = {
				kind = upToNextMajorVersion;
				minimumVersion = 1.9.1;
			};
		};
/* End XCRemoteSwiftPackageReference section */

/* Begin XCSwiftPackageProductDependency section */
		6425F7622DA9F4D600205BAA /* Dependencies */ = {
			isa = XCSwiftPackageProductDependency;
			package = 6425F7612DA9F4D600205BAA /* XCRemoteSwiftPackageReference "swift-dependencies" */;
			productName = Dependencies;
		};
		6425F7642DA9F4D600205BAA /* DependenciesMacros */ = {
			isa = XCSwiftPackageProductDependency;
			package = 6425F7612DA9F4D600205BAA /* XCRemoteSwiftPackageReference "swift-dependencies" */;
			productName = DependenciesMacros;
		};
/* End XCSwiftPackageProductDependency section */
	};
	rootObject = 6425F71E2DA9E33B00205BAA /* Project object */;
}
